
Microsoft Visual Studio Solution File, Format Version 12.00
# Visual Studio Version 17
VisualStudioVersion = 17.7.34202.233
MinimumVisualStudioVersion = 10.0.40219.1
Project("{9A19103F-16F7-4668-BE54-9A1E7A4F7556}") = "TypesAndVariables", "TypesAndVariables\TypesAndVariables.csproj", "{8AE42F08-CC35-49EB-A677-9D6022D68875}"
EndProject
Project("{FAE04EC0-301F-11D3-BF4B-00C04F79EFBC}") = "Conditionals", "Conditionals\Conditionals.csproj", "{4895BD7B-D6F9-41BE-A98A-1AD8938245A3}"
EndProject
Global
	GlobalSection(SolutionConfigurationPlatforms) = preSolution
		Debug|Any CPU = Debug|Any CPU
		Release|Any CPU = Release|Any CPU
	EndGlobalSection
	GlobalSection(ProjectConfigurationPlatforms) = postSolution
		{8AE42F08-CC35-49EB-A677-9D6022D68875}.Debug|Any CPU.ActiveCfg = Debug|Any CPU
		{8AE42F08-CC35-49EB-A677-9D6022D68875}.Debug|Any CPU.Build.0 = Debug|Any CPU
		{8AE42F08-CC35-49EB-A677-9D6022D68875}.Release|Any CPU.ActiveCfg = Release|Any CPU
		{8AE42F08-CC35-49EB-A677-9D6022D68875}.Release|Any CPU.Build.0 = Release|Any CPU
		{4895BD7B-D6F9-41BE-A98A-1AD8938245A3}.Debug|Any CPU.ActiveCfg = Debug|Any CPU
		{4895BD7B-D6F9-41BE-A98A-1AD8938245A3}.Debug|Any CPU.Build.0 = Debug|Any CPU
		{4895BD7B-D6F9-41BE-A98A-1AD8938245A3}.Release|Any CPU.ActiveCfg = Release|Any CPU
		{4895BD7B-D6F9-41BE-A98A-1AD8938245A3}.Release|Any CPU.Build.0 = Release|Any CPU
	EndGlobalSection
	GlobalSection(SolutionProperties) = preSolution
		HideSolutionNode = FALSE
	EndGlobalSection
	GlobalSection(ExtensibilityGlobals) = postSolution
		SolutionGuid = {53AC3046-BC20-478A-8DA4-E4339A726A12}
	EndGlobalSection
EndGlobal
